
Microsoft Visual Studio Solution File, Format Version 12.00
# Visual Studio Version 17
VisualStudioVersion = 17.11.35312.102
MinimumVisualStudioVersion = 10.0.40219.1
Project("{FAE04EC0-301F-11D3-BF4B-00C04F79EFBC}") = "ParImpar", "ParImpar.csproj", "{DAEE4DA7-C79A-4462-9356-E3495F985D4D}"
EndProject
Global
	GlobalSection(SolutionConfigurationPlatforms) = preSolution
		Debug|Any CPU = Debug|Any CPU
		Release|Any CPU = Release|Any CPU
	EndGlobalSection
	GlobalSection(ProjectConfigurationPlatforms) = postSolution
		{DAEE4DA7-C79A-4462-9356-E3495F985D4D}.Debug|Any CPU.ActiveCfg = Debug|Any CPU
		{DAEE4DA7-C79A-4462-9356-E3495F985D4D}.Debug|Any CPU.Build.0 = Debug|Any CPU
		{DAEE4DA7-C79A-4462-9356-E3495F985D4D}.Release|Any CPU.ActiveCfg = Release|Any CPU
		{DAEE4DA7-C79A-4462-9356-E3495F985D4D}.Release|Any CPU.Build.0 = Release|Any CPU
	EndGlobalSection
	GlobalSection(SolutionProperties) = preSolution
		HideSolutionNode = FALSE
	EndGlobalSection
	GlobalSection(ExtensibilityGlobals) = postSolution
		SolutionGuid = {53249453-2035-41B6-BA1F-FAEE605DC0CC}
	EndGlobalSection
EndGlobal
